
Microsoft Visual Studio Solution File, Format Version 12.00
# Visual Studio Version 16
VisualStudioVersion = 16.0.31205.134
MinimumVisualStudioVersion = 10.0.40219.1
Project("{FAE04EC0-301F-11D3-BF4B-00C04F79EFBC}") = "Otus.HashFunctionsAndTables", "Otus.HashFunctionsAndTables\Otus.HashFunctionsAndTables.csproj", "{EA77A1F6-6C4D-4197-9644-EE9D89470897}"
EndProject
Global
	GlobalSection(SolutionConfigurationPlatforms) = preSolution
		Debug|Any CPU = Debug|Any CPU
		Release|Any CPU = Release|Any CPU
	EndGlobalSection
	GlobalSection(ProjectConfigurationPlatforms) = postSolution
		{EA77A1F6-6C4D-4197-9644-EE9D89470897}.Debug|Any CPU.ActiveCfg = Debug|Any CPU
		{EA77A1F6-6C4D-4197-9644-EE9D89470897}.Debug|Any CPU.Build.0 = Debug|Any CPU
		{EA77A1F6-6C4D-4197-9644-EE9D89470897}.Release|Any CPU.ActiveCfg = Release|Any CPU
		{EA77A1F6-6C4D-4197-9644-EE9D89470897}.Release|Any CPU.Build.0 = Release|Any CPU
	EndGlobalSection
	GlobalSection(SolutionProperties) = preSolution
		HideSolutionNode = FALSE
	EndGlobalSection
	GlobalSection(ExtensibilityGlobals) = postSolution
		SolutionGuid = {E9552118-BFCC-4B42-B476-6E3DC58E45A1}
	EndGlobalSection
EndGlobal
